
Microsoft Visual Studio Solution File, Format Version 12.00
# Visual Studio Version 16
VisualStudioVersion = 16.0.31624.102
MinimumVisualStudioVersion = 10.0.40219.1
Project("{FAE04EC0-301F-11D3-BF4B-00C04F79EFBC}") = "Dz3", "Dz3\Dz3.csproj", "{D11C3BA0-4AF0-4D1D-A686-82C8FBBABDE2}"
EndProject
Global
	GlobalSection(SolutionConfigurationPlatforms) = preSolution
		Debug|Any CPU = Debug|Any CPU
		Release|Any CPU = Release|Any CPU
	EndGlobalSection
	GlobalSection(ProjectConfigurationPlatforms) = postSolution
		{D11C3BA0-4AF0-4D1D-A686-82C8FBBABDE2}.Debug|Any CPU.ActiveCfg = Debug|Any CPU
		{D11C3BA0-4AF0-4D1D-A686-82C8FBBABDE2}.Debug|Any CPU.Build.0 = Debug|Any CPU
		{D11C3BA0-4AF0-4D1D-A686-82C8FBBABDE2}.Release|Any CPU.ActiveCfg = Release|Any CPU
		{D11C3BA0-4AF0-4D1D-A686-82C8FBBABDE2}.Release|Any CPU.Build.0 = Release|Any CPU
	EndGlobalSection
	GlobalSection(SolutionProperties) = preSolution
		HideSolutionNode = FALSE
	EndGlobalSection
	GlobalSection(ExtensibilityGlobals) = postSolution
		SolutionGuid = {A3B369D8-2D95-4814-8242-E2BEF5DB6AF9}
	EndGlobalSection
EndGlobal
